
Microsoft Visual Studio Solution File, Format Version 12.00
# Visual Studio Version 17
VisualStudioVersion = 17.0.31903.59
MinimumVisualStudioVersion = 10.0.40219.1
Project("{FAE04EC0-301F-11D3-BF4B-00C04F79EFBC}") = "Shared", "..\SharedLibrary\src\Shared\Shared.csproj", "{4BBC3A12-D0D6-4D94-A767-8EEAB8B681CD}"
EndProject
Project("{2150E333-8FDC-42A3-9474-1A3956D46DE8}") = "src", "src", "{827E0CD3-B72D-47B6-A68D-7590B98EB39B}"
EndProject
Project("{FAE04EC0-301F-11D3-BF4B-00C04F79EFBC}") = "Smdb.Core", "src\Smdb.Core\Smdb.Core.csproj", "{7C02E57A-6DD5-4B10-9F24-31BC321E805D}"
EndProject
Project("{2150E333-8FDC-42A3-9474-1A3956D46DE8}") = "tests", "tests", "{0AB3BF05-4346-4AA6-1389-037BE0695223}"
EndProject
Project("{FAE04EC0-301F-11D3-BF4B-00C04F79EFBC}") = "Smdb.Core.Test", "tests\Smdb.Core.Test\Smdb.Core.Test.csproj", "{29643010-9B74-4948-ACBC-2095267CBFA8}"
EndProject
Project("{FAE04EC0-301F-11D3-BF4B-00C04F79EFBC}") = "Smdb.Api", "src\Smdb.Api\Smdb.Api.csproj", "{25AF6E09-DC66-4565-B28F-EB4415F7A599}"
EndProject
Project("{FAE04EC0-301F-11D3-BF4B-00C04F79EFBC}") = "Smdb.Api.Test", "tests\Smdb.Api.Test\Smdb.Api.Test.csproj", "{14AD2022-23AA-4C52-BC17-029F7FDFC357}"
EndProject
Project("{FAE04EC0-301F-11D3-BF4B-00C04F79EFBC}") = "Smdb.Csr", "src\Smdb.Csr\Smdb.Csr.csproj", "{2EFFC89A-B205-4F31-8221-1403C92B8600}"
EndProject
Project("{FAE04EC0-301F-11D3-BF4B-00C04F79EFBC}") = "Smdb.Csr.Test", "tests\Smdb.Csr.Test\Smdb.Csr.Test.csproj", "{1B487249-F9C6-45D7-89D0-A39DDD9BE002}"
EndProject
Global
	GlobalSection(SolutionConfigurationPlatforms) = preSolution
		Debug|Any CPU = Debug|Any CPU
		Debug|x64 = Debug|x64
		Debug|x86 = Debug|x86
		Release|Any CPU = Release|Any CPU
		Release|x64 = Release|x64
		Release|x86 = Release|x86
	EndGlobalSection
	GlobalSection(ProjectConfigurationPlatforms) = postSolution
		{4BBC3A12-D0D6-4D94-A767-8EEAB8B681CD}.Debug|Any CPU.ActiveCfg = Debug|Any CPU
		{4BBC3A12-D0D6-4D94-A767-8EEAB8B681CD}.Debug|Any CPU.Build.0 = Debug|Any CPU
		{4BBC3A12-D0D6-4D94-A767-8EEAB8B681CD}.Debug|x64.ActiveCfg = Debug|Any CPU
		{4BBC3A12-D0D6-4D94-A767-8EEAB8B681CD}.Debug|x64.Build.0 = Debug|Any CPU
		{4BBC3A12-D0D6-4D94-A767-8EEAB8B681CD}.Debug|x86.ActiveCfg = Debug|Any CPU
		{4BBC3A12-D0D6-4D94-A767-8EEAB8B681CD}.Debug|x86.Build.0 = Debug|Any CPU
		{4BBC3A12-D0D6-4D94-A767-8EEAB8B681CD}.Release|Any CPU.ActiveCfg = Release|Any CPU
		{4BBC3A12-D0D6-4D94-A767-8EEAB8B681CD}.Release|Any CPU.Build.0 = Release|Any CPU
		{4BBC3A12-D0D6-4D94-A767-8EEAB8B681CD}.Release|x64.ActiveCfg = Release|Any CPU
		{4BBC3A12-D0D6-4D94-A767-8EEAB8B681CD}.Release|x64.Build.0 = Release|Any CPU
		{4BBC3A12-D0D6-4D94-A767-8EEAB8B681CD}.Release|x86.ActiveCfg = Release|Any CPU
		{4BBC3A12-D0D6-4D94-A767-8EEAB8B681CD}.Release|x86.Build.0 = Release|Any CPU
		{7C02E57A-6DD5-4B10-9F24-31BC321E805D}.Debug|Any CPU.ActiveCfg = Debug|Any CPU
		{7C02E57A-6DD5-4B10-9F24-31BC321E805D}.Debug|Any CPU.Build.0 = Debug|Any CPU
		{7C02E57A-6DD5-4B10-9F24-31BC321E805D}.Debug|x64.ActiveCfg = Debug|Any CPU
		{7C02E57A-6DD5-4B10-9F24-31BC321E805D}.Debug|x64.Build.0 = Debug|Any CPU
		{7C02E57A-6DD5-4B10-9F24-31BC321E805D}.Debug|x86.ActiveCfg = Debug|Any CPU
		{7C02E57A-6DD5-4B10-9F24-31BC321E805D}.Debug|x86.Build.0 = Debug|Any CPU
		{7C02E57A-6DD5-4B10-9F24-31BC321E805D}.Release|Any CPU.ActiveCfg = Release|Any CPU
		{7C02E57A-6DD5-4B10-9F24-31BC321E805D}.Release|Any CPU.Build.0 = Release|Any CPU
		{7C02E57A-6DD5-4B10-9F24-31BC321E805D}.Release|x64.ActiveCfg = Release|Any CPU
		{7C02E57A-6DD5-4B10-9F24-31BC321E805D}.Release|x64.Build.0 = Release|Any CPU
		{7C02E57A-6DD5-4B10-9F24-31BC321E805D}.Release|x86.ActiveCfg = Release|Any CPU
		{7C02E57A-6DD5-4B10-9F24-31BC321E805D}.Release|x86.Build.0 = Release|Any CPU
		{29643010-9B74-4948-ACBC-2095267CBFA8}.Debug|Any CPU.ActiveCfg = Debug|Any CPU
		{29643010-9B74-4948-ACBC-2095267CBFA8}.Debug|Any CPU.Build.0 = Debug|Any CPU
		{29643010-9B74-4948-ACBC-2095267CBFA8}.Debug|x64.ActiveCfg = Debug|Any CPU
		{29643010-9B74-4948-ACBC-2095267CBFA8}.Debug|x64.Build.0 = Debug|Any CPU
		{29643010-9B74-4948-ACBC-2095267CBFA8}.Debug|x86.ActiveCfg = Debug|Any CPU
		{29643010-9B74-4948-ACBC-2095267CBFA8}.Debug|x86.Build.0 = Debug|Any CPU
		{29643010-9B74-4948-ACBC-2095267CBFA8}.Release|Any CPU.ActiveCfg = Release|Any CPU
		{29643010-9B74-4948-ACBC-2095267CBFA8}.Release|Any CPU.Build.0 = Release|Any CPU
		{29643010-9B74-4948-ACBC-2095267CBFA8}.Release|x64.ActiveCfg = Release|Any CPU
		{29643010-9B74-4948-ACBC-2095267CBFA8}.Release|x64.Build.0 = Release|Any CPU
		{29643010-9B74-4948-ACBC-2095267CBFA8}.Release|x86.ActiveCfg = Release|Any CPU
		{29643010-9B74-4948-ACBC-2095267CBFA8}.Release|x86.Build.0 = Release|Any CPU
		{25AF6E09-DC66-4565-B28F-EB4415F7A599}.Debug|Any CPU.ActiveCfg = Debug|Any CPU
		{25AF6E09-DC66-4565-B28F-EB4415F7A599}.Debug|Any CPU.Build.0 = Debug|Any CPU
		{25AF6E09-DC66-4565-B28F-EB4415F7A599}.Debug|x64.ActiveCfg = Debug|Any CPU
		{25AF6E09-DC66-4565-B28F-EB4415F7A599}.Debug|x64.Build.0 = Debug|Any CPU
		{25AF6E09-DC66-4565-B28F-EB4415F7A599}.Debug|x86.ActiveCfg = Debug|Any CPU
		{25AF6E09-DC66-4565-B28F-EB4415F7A599}.Debug|x86.Build.0 = Debug|Any CPU
		{25AF6E09-DC66-4565-B28F-EB4415F7A599}.Release|Any CPU.ActiveCfg = Release|Any CPU
		{25AF6E09-DC66-4565-B28F-EB4415F7A599}.Release|Any CPU.Build.0 = Release|Any CPU
		{25AF6E09-DC66-4565-B28F-EB4415F7A599}.Release|x64.ActiveCfg = Release|Any CPU
		{25AF6E09-DC66-4565-B28F-EB4415F7A599}.Release|x64.Build.0 = Release|Any CPU
		{25AF6E09-DC66-4565-B28F-EB4415F7A599}.Release|x86.ActiveCfg = Release|Any CPU
		{25AF6E09-DC66-4565-B28F-EB4415F7A599}.Release|x86.Build.0 = Release|Any CPU
		{14AD2022-23AA-4C52-BC17-029F7FDFC357}.Debug|Any CPU.ActiveCfg = Debug|Any CPU
		{14AD2022-23AA-4C52-BC17-029F7FDFC357}.Debug|Any CPU.Build.0 = Debug|Any CPU
		{14AD2022-23AA-4C52-BC17-029F7FDFC357}.Debug|x64.ActiveCfg = Debug|Any CPU
		{14AD2022-23AA-4C52-BC17-029F7FDFC357}.Debug|x64.Build.0 = Debug|Any CPU
		{14AD2022-23AA-4C52-BC17-029F7FDFC357}.Debug|x86.ActiveCfg = Debug|Any CPU
		{14AD2022-23AA-4C52-BC17-029F7FDFC357}.Debug|x86.Build.0 = Debug|Any CPU
		{14AD2022-23AA-4C52-BC17-029F7FDFC357}.Release|Any CPU.ActiveCfg = Release|Any CPU
		{14AD2022-23AA-4C52-BC17-029F7FDFC357}.Release|Any CPU.Build.0 = Release|Any CPU
		{14AD2022-23AA-4C52-BC17-029F7FDFC357}.Release|x64.ActiveCfg = Release|Any CPU
		{14AD2022-23AA-4C52-BC17-029F7FDFC357}.Release|x64.Build.0 = Release|Any CPU
		{14AD2022-23AA-4C52-BC17-029F7FDFC357}.Release|x86.ActiveCfg = Release|Any CPU
		{14AD2022-23AA-4C52-BC17-029F7FDFC357}.Release|x86.Build.0 = Release|Any CPU
		{2EFFC89A-B205-4F31-8221-1403C92B8600}.Debug|Any CPU.ActiveCfg = Debug|Any CPU
		{2EFFC89A-B205-4F31-8221-1403C92B8600}.Debug|Any CPU.Build.0 = Debug|Any CPU
		{2EFFC89A-B205-4F31-8221-1403C92B8600}.Debug|x64.ActiveCfg = Debug|Any CPU
		{2EFFC89A-B205-4F31-8221-1403C92B8600}.Debug|x64.Build.0 = Debug|Any CPU
		{2EFFC89A-B205-4F31-8221-1403C92B8600}.Debug|x86.ActiveCfg = Debug|Any CPU
		{2EFFC89A-B205-4F31-8221-1403C92B8600}.Debug|x86.Build.0 = Debug|Any CPU
		{2EFFC89A-B205-4F31-8221-1403C92B8600}.Release|Any CPU.ActiveCfg = Release|Any CPU
		{2EFFC89A-B205-4F31-8221-1403C92B8600}.Release|Any CPU.Build.0 = Release|Any CPU
		{2EFFC89A-B205-4F31-8221-1403C92B8600}.Release|x64.ActiveCfg = Release|Any CPU
		{2EFFC89A-B205-4F31-8221-1403C92B8600}.Release|x64.Build.0 = Release|Any CPU
		{2EFFC89A-B205-4F31-8221-1403C92B8600}.Release|x86.ActiveCfg = Release|Any CPU
		{2EFFC89A-B205-4F31-8221-1403C92B8600}.Release|x86.Build.0 = Release|Any CPU
		{1B487249-F9C6-45D7-89D0-A39DDD9BE002}.Debug|Any CPU.ActiveCfg = Debug|Any CPU
		{1B487249-F9C6-45D7-89D0-A39DDD9BE002}.Debug|Any CPU.Build.0 = Debug|Any CPU
		{1B487249-F9C6-45D7-89D0-A39DDD9BE002}.Debug|x64.ActiveCfg = Debug|Any CPU
		{1B487249-F9C6-45D7-89D0-A39DDD9BE002}.Debug|x64.Build.0 = Debug|Any CPU
		{1B487249-F9C6-45D7-89D0-A39DDD9BE002}.Debug|x86.ActiveCfg = Debug|Any CPU
		{1B487249-F9C6-45D7-89D0-A39DDD9BE002}.Debug|x86.Build.0 = Debug|Any CPU
		{1B487249-F9C6-45D7-89D0-A39DDD9BE002}.Release|Any CPU.ActiveCfg = Release|Any CPU
		{1B487249-F9C6-45D7-89D0-A39DDD9BE002}.Release|Any CPU.Build.0 = Release|Any CPU
		{1B487249-F9C6-45D7-89D0-A39DDD9BE002}.Release|x64.ActiveCfg = Release|Any CPU
		{1B487249-F9C6-45D7-89D0-A39DDD9BE002}.Release|x64.Build.0 = Release|Any CPU
		{1B487249-F9C6-45D7-89D0-A39DDD9BE002}.Release|x86.ActiveCfg = Release|Any CPU
		{1B487249-F9C6-45D7-89D0-A39DDD9BE002}.Release|x86.Build.0 = Release|Any CPU
	EndGlobalSection
	GlobalSection(SolutionProperties) = preSolution
		HideSolutionNode = FALSE
	EndGlobalSection
	GlobalSection(NestedProjects) = preSolution
		{7C02E57A-6DD5-4B10-9F24-31BC321E805D} = {827E0CD3-B72D-47B6-A68D-7590B98EB39B}
		{29643010-9B74-4948-ACBC-2095267CBFA8} = {0AB3BF05-4346-4AA6-1389-037BE0695223}
		{25AF6E09-DC66-4565-B28F-EB4415F7A599} = {827E0CD3-B72D-47B6-A68D-7590B98EB39B}
		{14AD2022-23AA-4C52-BC17-029F7FDFC357} = {0AB3BF05-4346-4AA6-1389-037BE0695223}
		{2EFFC89A-B205-4F31-8221-1403C92B8600} = {827E0CD3-B72D-47B6-A68D-7590B98EB39B}
		{1B487249-F9C6-45D7-89D0-A39DDD9BE002} = {0AB3BF05-4346-4AA6-1389-037BE0695223}
	EndGlobalSection
EndGlobal
